// !$*UTF8*$!
{
	archiveVersion = 1;
	classes = {
	};
	objectVersion = 56;
	objects = {

/* Begin PBXBuildFile section */
		FC9C636129D2CF4C006EA975 /* AppDelegate.swift in Sources */ = {isa = PBXBuildFile; fileRef = FC9C636029D2CF4C006EA975 /* AppDelegate.swift */; };
		FC9C636329D2CF4C006EA975 /* SceneDelegate.swift in Sources */ = {isa = PBXBuildFile; fileRef = FC9C636229D2CF4C006EA975 /* SceneDelegate.swift */; };
		FC9C636A29D2CF4E006EA975 /* Assets.xcassets in Resources */ = {isa = PBXBuildFile; fileRef = FC9C636929D2CF4E006EA975 /* Assets.xcassets */; };
		FC9C636D29D2CF4E006EA975 /* LaunchScreen.storyboard in Resources */ = {isa = PBXBuildFile; fileRef = FC9C636B29D2CF4E006EA975 /* LaunchScreen.storyboard */; };
		FCE9B55F2B97678100D79A71 /* Coordinator.swift in Sources */ = {isa = PBXBuildFile; fileRef = FCE9B55E2B97678100D79A71 /* Coordinator.swift */; };
		FCE9B5622B977C2100D79A71 /* AppCoordinator.swift in Sources */ = {isa = PBXBuildFile; fileRef = FCE9B5612B977C2100D79A71 /* AppCoordinator.swift */; };
		FCE9B5642B977D4F00D79A71 /* ViewController.swift in Sources */ = {isa = PBXBuildFile; fileRef = FCE9B5632B977D4F00D79A71 /* ViewController.swift */; };
		FCE9B5672B977FF000D79A71 /* InjectionKey.swift in Sources */ = {isa = PBXBuildFile; fileRef = FCE9B5662B977FF000D79A71 /* InjectionKey.swift */; };
		FCE9B5692B97803600D79A71 /* InjectedValue.swift in Sources */ = {isa = PBXBuildFile; fileRef = FCE9B5682B97803600D79A71 /* InjectedValue.swift */; };
		FCE9B56B2B97813600D79A71 /* Injected.swift in Sources */ = {isa = PBXBuildFile; fileRef = FCE9B56A2B97813600D79A71 /* Injected.swift */; };
		FCF529E12B98EE2800C4C44F /* RocketScreenCoordinator.swift in Sources */ = {isa = PBXBuildFile; fileRef = FCF529E02B98EE2800C4C44F /* RocketScreenCoordinator.swift */; };
		FCF529E42B98EF4500C4C44F /* RocketScreenViewController.swift in Sources */ = {isa = PBXBuildFile; fileRef = FCF529E32B98EF4500C4C44F /* RocketScreenViewController.swift */; };
/* End PBXBuildFile section */

/* Begin PBXFileReference section */
		FC9C635D29D2CF4C006EA975 /* TestProjectRocket.app */ = {isa = PBXFileReference; explicitFileType = wrapper.application; includeInIndex = 0; path = TestProjectRocket.app; sourceTree = BUILT_PRODUCTS_DIR; };
		FC9C636029D2CF4C006EA975 /* AppDelegate.swift */ = {isa = PBXFileReference; lastKnownFileType = sourcecode.swift; path = AppDelegate.swift; sourceTree = "<group>"; };
		FC9C636229D2CF4C006EA975 /* SceneDelegate.swift */ = {isa = PBXFileReference; lastKnownFileType = sourcecode.swift; path = SceneDelegate.swift; sourceTree = "<group>"; };
		FC9C636929D2CF4E006EA975 /* Assets.xcassets */ = {isa = PBXFileReference; lastKnownFileType = folder.assetcatalog; path = Assets.xcassets; sourceTree = "<group>"; };
		FC9C636C29D2CF4E006EA975 /* Base */ = {isa = PBXFileReference; lastKnownFileType = file.storyboard; name = Base; path = Base.lproj/LaunchScreen.storyboard; sourceTree = "<group>"; };
		FC9C636E29D2CF4E006EA975 /* Info.plist */ = {isa = PBXFileReference; lastKnownFileType = text.plist.xml; path = Info.plist; sourceTree = "<group>"; };
		FCE9B55E2B97678100D79A71 /* Coordinator.swift */ = {isa = PBXFileReference; lastKnownFileType = sourcecode.swift; path = Coordinator.swift; sourceTree = "<group>"; };
		FCE9B5612B977C2100D79A71 /* AppCoordinator.swift */ = {isa = PBXFileReference; lastKnownFileType = sourcecode.swift; path = AppCoordinator.swift; sourceTree = "<group>"; };
		FCE9B5632B977D4F00D79A71 /* ViewController.swift */ = {isa = PBXFileReference; lastKnownFileType = sourcecode.swift; path = ViewController.swift; sourceTree = "<group>"; };
		FCE9B5662B977FF000D79A71 /* InjectionKey.swift */ = {isa = PBXFileReference; lastKnownFileType = sourcecode.swift; path = InjectionKey.swift; sourceTree = "<group>"; };
		FCE9B5682B97803600D79A71 /* InjectedValue.swift */ = {isa = PBXFileReference; lastKnownFileType = sourcecode.swift; path = InjectedValue.swift; sourceTree = "<group>"; };
		FCE9B56A2B97813600D79A71 /* Injected.swift */ = {isa = PBXFileReference; lastKnownFileType = sourcecode.swift; path = Injected.swift; sourceTree = "<group>"; };
		FCF529E02B98EE2800C4C44F /* RocketScreenCoordinator.swift */ = {isa = PBXFileReference; lastKnownFileType = sourcecode.swift; path = RocketScreenCoordinator.swift; sourceTree = "<group>"; };
		FCF529E32B98EF4500C4C44F /* RocketScreenViewController.swift */ = {isa = PBXFileReference; lastKnownFileType = sourcecode.swift; path = RocketScreenViewController.swift; sourceTree = "<group>"; };
/* End PBXFileReference section */

/* Begin PBXFrameworksBuildPhase section */
		FC9C635A29D2CF4C006EA975 /* Frameworks */ = {
			isa = PBXFrameworksBuildPhase;
			buildActionMask = 2147483647;
			files = (
			);
			runOnlyForDeploymentPostprocessing = 0;
		};
/* End PBXFrameworksBuildPhase section */

/* Begin PBXGroup section */
		FC9C635429D2CF4C006EA975 = {
			isa = PBXGroup;
			children = (
				FC9C635F29D2CF4C006EA975 /* TestProjectRocket */,
				FC9C635E29D2CF4C006EA975 /* Products */,
			);
			sourceTree = "<group>";
		};
		FC9C635E29D2CF4C006EA975 /* Products */ = {
			isa = PBXGroup;
			children = (
				FC9C635D29D2CF4C006EA975 /* TestProjectRocket.app */,
			);
			name = Products;
			sourceTree = "<group>";
		};
		FC9C635F29D2CF4C006EA975 /* TestProjectRocket */ = {
			isa = PBXGroup;
			children = (
				FCF529E22B98EF2800C4C44F /* RocketScreenViewController */,
				FCF529DF2B98EE0200C4C44F /* RocketScreen */,
				FCE9B5652B977FCE00D79A71 /* DI */,
				FCE9B55D2B9765F500D79A71 /* Coordinator */,
				FCE9B5602B977C0100D79A71 /* Application */,
				FC9C636929D2CF4E006EA975 /* Assets.xcassets */,
				FC9C636B29D2CF4E006EA975 /* LaunchScreen.storyboard */,
				FC9C636E29D2CF4E006EA975 /* Info.plist */,
				FCE9B5632B977D4F00D79A71 /* ViewController.swift */,
			);
			path = TestProjectRocket;
			sourceTree = "<group>";
		};
		FCE9B55D2B9765F500D79A71 /* Coordinator */ = {
			isa = PBXGroup;
			children = (
				FCE9B55E2B97678100D79A71 /* Coordinator.swift */,
			);
			path = Coordinator;
			sourceTree = "<group>";
		};
		FCE9B5602B977C0100D79A71 /* Application */ = {
			isa = PBXGroup;
			children = (
				FC9C636229D2CF4C006EA975 /* SceneDelegate.swift */,
				FC9C636029D2CF4C006EA975 /* AppDelegate.swift */,
				FCE9B5612B977C2100D79A71 /* AppCoordinator.swift */,
			);
			path = Application;
			sourceTree = "<group>";
		};
		FCE9B5652B977FCE00D79A71 /* DI */ = {
			isa = PBXGroup;
			children = (
				FCE9B5662B977FF000D79A71 /* InjectionKey.swift */,
				FCE9B5682B97803600D79A71 /* InjectedValue.swift */,
				FCE9B56A2B97813600D79A71 /* Injected.swift */,
			);
			path = DI;
			sourceTree = "<group>";
		};
		FCF529DF2B98EE0200C4C44F /* RocketScreen */ = {
			isa = PBXGroup;
			children = (
				FCF529E02B98EE2800C4C44F /* RocketScreenCoordinator.swift */,
			);
			path = RocketScreen;
			sourceTree = "<group>";
		};
		FCF529E22B98EF2800C4C44F /* RocketScreenViewController */ = {
			isa = PBXGroup;
			children = (
				FCF529E32B98EF4500C4C44F /* RocketScreenViewController.swift */,
			);
			path = RocketScreenViewController;
			sourceTree = "<group>";
		};
/* End PBXGroup section */

/* Begin PBXNativeTarget section */
		FC9C635C29D2CF4C006EA975 /* TestProjectRocket */ = {
			isa = PBXNativeTarget;
			buildConfigurationList = FC9C637129D2CF4E006EA975 /* Build configuration list for PBXNativeTarget "TestProjectRocket" */;
			buildPhases = (
				FC9C635929D2CF4C006EA975 /* Sources */,
				FC9C635A29D2CF4C006EA975 /* Frameworks */,
				FC9C635B29D2CF4C006EA975 /* Resources */,
			);
			buildRules = (
			);
			dependencies = (
			);
			name = TestProjectRocket;
			productName = TestProjectRocket;
			productReference = FC9C635D29D2CF4C006EA975 /* TestProjectRocket.app */;
			productType = "com.apple.product-type.application";
		};
/* End PBXNativeTarget section */

/* Begin PBXProject section */
		FC9C635529D2CF4C006EA975 /* Project object */ = {
			isa = PBXProject;
			attributes = {
				BuildIndependentTargetsInParallel = 1;
				LastSwiftUpdateCheck = 1410;
				LastUpgradeCheck = 1410;
				TargetAttributes = {
					FC9C635C29D2CF4C006EA975 = {
						CreatedOnToolsVersion = 14.1;
					};
				};
			};
			buildConfigurationList = FC9C635829D2CF4C006EA975 /* Build configuration list for PBXProject "TestProjectRocket" */;
			compatibilityVersion = "Xcode 14.0";
			developmentRegion = en;
			hasScannedForEncodings = 0;
			knownRegions = (
				en,
				Base,
			);
			mainGroup = FC9C635429D2CF4C006EA975;
			productRefGroup = FC9C635E29D2CF4C006EA975 /* Products */;
			projectDirPath = "";
			projectRoot = "";
			targets = (
				FC9C635C29D2CF4C006EA975 /* TestProjectRocket */,
			);
		};
/* End PBXProject section */

/* Begin PBXResourcesBuildPhase section */
		FC9C635B29D2CF4C006EA975 /* Resources */ = {
			isa = PBXResourcesBuildPhase;
			buildActionMask = 2147483647;
			files = (
				FC9C636D29D2CF4E006EA975 /* LaunchScreen.storyboard in Resources */,
				FC9C636A29D2CF4E006EA975 /* Assets.xcassets in Resources */,
			);
			runOnlyForDeploymentPostprocessing = 0;
		};
/* End PBXResourcesBuildPhase section */

/* Begin PBXSourcesBuildPhase section */
		FC9C635929D2CF4C006EA975 /* Sources */ = {
			isa = PBXSourcesBuildPhase;
			buildActionMask = 2147483647;
			files = (
				FCE9B5642B977D4F00D79A71 /* ViewController.swift in Sources */,
				FCE9B5692B97803600D79A71 /* InjectedValue.swift in Sources */,
				FCE9B5672B977FF000D79A71 /* InjectionKey.swift in Sources */,
				FCE9B5622B977C2100D79A71 /* AppCoordinator.swift in Sources */,
				FCF529E42B98EF4500C4C44F /* RocketScreenViewController.swift in Sources */,
				FCF529E12B98EE2800C4C44F /* RocketScreenCoordinator.swift in Sources */,
				FC9C636129D2CF4C006EA975 /* AppDelegate.swift in Sources */,
				FCE9B56B2B97813600D79A71 /* Injected.swift in Sources */,
				FC9C636329D2CF4C006EA975 /* SceneDelegate.swift in Sources */,
				FCE9B55F2B97678100D79A71 /* Coordinator.swift in Sources */,
			);
			runOnlyForDeploymentPostprocessing = 0;
		};
/* End PBXSourcesBuildPhase section */

/* Begin PBXVariantGroup section */
		FC9C636B29D2CF4E006EA975 /* LaunchScreen.storyboard */ = {
			isa = PBXVariantGroup;
			children = (
				FC9C636C29D2CF4E006EA975 /* Base */,
			);
			name = LaunchScreen.storyboard;
			sourceTree = "<group>";
		};
/* End PBXVariantGroup section */

/* Begin XCBuildConfiguration section */
		FC9C636F29D2CF4E006EA975 /* Debug */ = {
			isa = XCBuildConfiguration;
			buildSettings = {
				ALWAYS_SEARCH_USER_PATHS = NO;
				CLANG_ANALYZER_NONNULL = YES;
				CLANG_ANALYZER_NUMBER_OBJECT_CONVERSION = YES_AGGRESSIVE;
				CLANG_CXX_LANGUAGE_STANDARD = "gnu++20";
				CLANG_ENABLE_MODULES = YES;
				CLANG_ENABLE_OBJC_ARC = YES;
				CLANG_ENABLE_OBJC_WEAK = YES;
				CLANG_WARN_BLOCK_CAPTURE_AUTORELEASING = YES;
				CLANG_WARN_BOOL_CONVERSION = YES;
				CLANG_WARN_COMMA = YES;
				CLANG_WARN_CONSTANT_CONVERSION = YES;
				CLANG_WARN_DEPRECATED_OBJC_IMPLEMENTATIONS = YES;
				CLANG_WARN_DIRECT_OBJC_ISA_USAGE = YES_ERROR;
				CLANG_WARN_DOCUMENTATION_COMMENTS = YES;
				CLANG_WARN_EMPTY_BODY = YES;
				CLANG_WARN_ENUM_CONVERSION = YES;
				CLANG_WARN_INFINITE_RECURSION = YES;
				CLANG_WARN_INT_CONVERSION = YES;
				CLANG_WARN_NON_LITERAL_NULL_CONVERSION = YES;
				CLANG_WARN_OBJC_IMPLICIT_RETAIN_SELF = YES;
				CLANG_WARN_OBJC_LITERAL_CONVERSION = YES;
				CLANG_WARN_OBJC_ROOT_CLASS = YES_ERROR;
				CLANG_WARN_QUOTED_INCLUDE_IN_FRAMEWORK_HEADER = YES;
				CLANG_WARN_RANGE_LOOP_ANALYSIS = YES;
				CLANG_WARN_STRICT_PROTOTYPES = YES;
				CLANG_WARN_SUSPICIOUS_MOVE = YES;
				CLANG_WARN_UNGUARDED_AVAILABILITY = YES_AGGRESSIVE;
				CLANG_WARN_UNREACHABLE_CODE = YES;
				CLANG_WARN__DUPLICATE_METHOD_MATCH = YES;
				COPY_PHASE_STRIP = NO;
				DEBUG_INFORMATION_FORMAT = dwarf;
				ENABLE_STRICT_OBJC_MSGSEND = YES;
				ENABLE_TESTABILITY = YES;
				GCC_C_LANGUAGE_STANDARD = gnu11;
				GCC_DYNAMIC_NO_PIC = NO;
				GCC_NO_COMMON_BLOCKS = YES;
				GCC_OPTIMIZATION_LEVEL = 0;
				GCC_PREPROCESSOR_DEFINITIONS = (
					"DEBUG=1",
					"$(inherited)",
				);
				GCC_WARN_64_TO_32_BIT_CONVERSION = YES;
				GCC_WARN_ABOUT_RETURN_TYPE = YES_ERROR;
				GCC_WARN_UNDECLARED_SELECTOR = YES;
				GCC_WARN_UNINITIALIZED_AUTOS = YES_AGGRESSIVE;
				GCC_WARN_UNUSED_FUNCTION = YES;
				GCC_WARN_UNUSED_VARIABLE = YES;
				IPHONEOS_DEPLOYMENT_TARGET = 16.1;
				MTL_ENABLE_DEBUG_INFO = INCLUDE_SOURCE;
				MTL_FAST_MATH = YES;
				ONLY_ACTIVE_ARCH = YES;
				SDKROOT = iphoneos;
				SWIFT_ACTIVE_COMPILATION_CONDITIONS = DEBUG;
				SWIFT_OPTIMIZATION_LEVEL = "-Onone";
			};
			name = Debug;
		};
		FC9C637029D2CF4E006EA975 /* Release */ = {
			isa = XCBuildConfiguration;
			buildSettings = {
				ALWAYS_SEARCH_USER_PATHS = NO;
				CLANG_ANALYZER_NONNULL = YES;
				CLANG_ANALYZER_NUMBER_OBJECT_CONVERSION = YES_AGGRESSIVE;
				CLANG_CXX_LANGUAGE_STANDARD = "gnu++20";
				CLANG_ENABLE_MODULES = YES;
				CLANG_ENABLE_OBJC_ARC = YES;
				CLANG_ENABLE_OBJC_WEAK = YES;
				CLANG_WARN_BLOCK_CAPTURE_AUTORELEASING = YES;
				CLANG_WARN_BOOL_CONVERSION = YES;
				CLANG_WARN_COMMA = YES;
				CLANG_WARN_CONSTANT_CONVERSION = YES;
				CLANG_WARN_DEPRECATED_OBJC_IMPLEMENTATIONS = YES;
				CLANG_WARN_DIRECT_OBJC_ISA_USAGE = YES_ERROR;
				CLANG_WARN_DOCUMENTATION_COMMENTS = YES;
				CLANG_WARN_EMPTY_BODY = YES;
				CLANG_WARN_ENUM_CONVERSION = YES;
				CLANG_WARN_INFINITE_RECURSION = YES;
				CLANG_WARN_INT_CONVERSION = YES;
				CLANG_WARN_NON_LITERAL_NULL_CONVERSION = YES;
				CLANG_WARN_OBJC_IMPLICIT_RETAIN_SELF = YES;
				CLANG_WARN_OBJC_LITERAL_CONVERSION = YES;
				CLANG_WARN_OBJC_ROOT_CLASS = YES_ERROR;
				CLANG_WARN_QUOTED_INCLUDE_IN_FRAMEWORK_HEADER = YES;
				CLANG_WARN_RANGE_LOOP_ANALYSIS = YES;
				CLANG_WARN_STRICT_PROTOTYPES = YES;
				CLANG_WARN_SUSPICIOUS_MOVE = YES;
				CLANG_WARN_UNGUARDED_AVAILABILITY = YES_AGGRESSIVE;
				CLANG_WARN_UNREACHABLE_CODE = YES;
				CLANG_WARN__DUPLICATE_METHOD_MATCH = YES;
				COPY_PHASE_STRIP = NO;
				DEBUG_INFORMATION_FORMAT = "dwarf-with-dsym";
				ENABLE_NS_ASSERTIONS = NO;
				ENABLE_STRICT_OBJC_MSGSEND = YES;
				GCC_C_LANGUAGE_STANDARD = gnu11;
				GCC_NO_COMMON_BLOCKS = YES;
				GCC_WARN_64_TO_32_BIT_CONVERSION = YES;
				GCC_WARN_ABOUT_RETURN_TYPE = YES_ERROR;
				GCC_WARN_UNDECLARED_SELECTOR = YES;
				GCC_WARN_UNINITIALIZED_AUTOS = YES_AGGRESSIVE;
				GCC_WARN_UNUSED_FUNCTION = YES;
				GCC_WARN_UNUSED_VARIABLE = YES;
				IPHONEOS_DEPLOYMENT_TARGET = 16.1;
				MTL_ENABLE_DEBUG_INFO = NO;
				MTL_FAST_MATH = YES;
				SDKROOT = iphoneos;
				SWIFT_COMPILATION_MODE = wholemodule;
				SWIFT_OPTIMIZATION_LEVEL = "-O";
				VALIDATE_PRODUCT = YES;
			};
			name = Release;
		};
		FC9C637229D2CF4E006EA975 /* Debug */ = {
			isa = XCBuildConfiguration;
			buildSettings = {
				ASSETCATALOG_COMPILER_APPICON_NAME = AppIcon;
				ASSETCATALOG_COMPILER_GLOBAL_ACCENT_COLOR_NAME = AccentColor;
				CODE_SIGN_STYLE = Automatic;
				CURRENT_PROJECT_VERSION = 1;
				GENERATE_INFOPLIST_FILE = YES;
				INFOPLIST_FILE = TestProjectRocket/Info.plist;
				INFOPLIST_KEY_UIApplicationSupportsIndirectInputEvents = YES;
				INFOPLIST_KEY_UILaunchStoryboardName = LaunchScreen;
				INFOPLIST_KEY_UISupportedInterfaceOrientations_iPad = "UIInterfaceOrientationPortrait UIInterfaceOrientationPortraitUpsideDown UIInterfaceOrientationLandscapeLeft UIInterfaceOrientationLandscapeRight";
				INFOPLIST_KEY_UISupportedInterfaceOrientations_iPhone = "UIInterfaceOrientationPortrait UIInterfaceOrientationLandscapeLeft UIInterfaceOrientationLandscapeRight";
				LD_RUNPATH_SEARCH_PATHS = (
					"$(inherited)",
					"@executable_path/Frameworks",
				);
				MARKETING_VERSION = 1.0;
				PRODUCT_BUNDLE_IDENTIFIER = app.vakhtang.TestProjectRocket;
				PRODUCT_NAME = "$(TARGET_NAME)";
				SWIFT_EMIT_LOC_STRINGS = YES;
				SWIFT_VERSION = 5.0;
				TARGETED_DEVICE_FAMILY = "1,2";
			};
			name = Debug;
		};
		FC9C637329D2CF4E006EA975 /* Release */ = {
			isa = XCBuildConfiguration;
			buildSettings = {
				ASSETCATALOG_COMPILER_APPICON_NAME = AppIcon;
				ASSETCATALOG_COMPILER_GLOBAL_ACCENT_COLOR_NAME = AccentColor;
				CODE_SIGN_STYLE = Automatic;
				CURRENT_PROJECT_VERSION = 1;
				GENERATE_INFOPLIST_FILE = YES;
				INFOPLIST_FILE = TestProjectRocket/Info.plist;
				INFOPLIST_KEY_UIApplicationSupportsIndirectInputEvents = YES;
				INFOPLIST_KEY_UILaunchStoryboardName = LaunchScreen;
				INFOPLIST_KEY_UISupportedInterfaceOrientations_iPad = "UIInterfaceOrientationPortrait UIInterfaceOrientationPortraitUpsideDown UIInterfaceOrientationLandscapeLeft UIInterfaceOrientationLandscapeRight";
				INFOPLIST_KEY_UISupportedInterfaceOrientations_iPhone = "UIInterfaceOrientationPortrait UIInterfaceOrientationLandscapeLeft UIInterfaceOrientationLandscapeRight";
				LD_RUNPATH_SEARCH_PATHS = (
					"$(inherited)",
					"@executable_path/Frameworks",
				);
				MARKETING_VERSION = 1.0;
				PRODUCT_BUNDLE_IDENTIFIER = app.vakhtang.TestProjectRocket;
				PRODUCT_NAME = "$(TARGET_NAME)";
				SWIFT_EMIT_LOC_STRINGS = YES;
				SWIFT_VERSION = 5.0;
				TARGETED_DEVICE_FAMILY = "1,2";
			};
			name = Release;
		};
/* End XCBuildConfiguration section */

/* Begin XCConfigurationList section */
		FC9C635829D2CF4C006EA975 /* Build configuration list for PBXProject "TestProjectRocket" */ = {
			isa = XCConfigurationList;
			buildConfigurations = (
				FC9C636F29D2CF4E006EA975 /* Debug */,
				FC9C637029D2CF4E006EA975 /* Release */,
			);
			defaultConfigurationIsVisible = 0;
			defaultConfigurationName = Release;
		};
		FC9C637129D2CF4E006EA975 /* Build configuration list for PBXNativeTarget "TestProjectRocket" */ = {
			isa = XCConfigurationList;
			buildConfigurations = (
				FC9C637229D2CF4E006EA975 /* Debug */,
				FC9C637329D2CF4E006EA975 /* Release */,
			);
			defaultConfigurationIsVisible = 0;
			defaultConfigurationName = Release;
		};
/* End XCConfigurationList section */
	};
	rootObject = FC9C635529D2CF4C006EA975 /* Project object */;
}
